
Microsoft Visual Studio Solution File, Format Version 12.00
# Visual Studio Version 16
VisualStudioVersion = 16.0.30611.23
MinimumVisualStudioVersion = 10.0.40219.1
Project("{FAE04EC0-301F-11D3-BF4B-00C04F79EFBC}") = "UI-Customer", "UI-Customer\UI-Customer.csproj", "{05754BE5-8885-4B89-B09F-AB7D63F8A6C5}"
EndProject
Project("{FAE04EC0-301F-11D3-BF4B-00C04F79EFBC}") = "Employee-App", "Employee-App\Employee-App.csproj", "{CA217DEB-C32B-4857-9298-0743FA58895E}"
EndProject
Global
	GlobalSection(SolutionConfigurationPlatforms) = preSolution
		Debug|Any CPU = Debug|Any CPU
		Release|Any CPU = Release|Any CPU
	EndGlobalSection
	GlobalSection(ProjectConfigurationPlatforms) = postSolution
		{05754BE5-8885-4B89-B09F-AB7D63F8A6C5}.Debug|Any CPU.ActiveCfg = Debug|Any CPU
		{05754BE5-8885-4B89-B09F-AB7D63F8A6C5}.Debug|Any CPU.Build.0 = Debug|Any CPU
		{05754BE5-8885-4B89-B09F-AB7D63F8A6C5}.Release|Any CPU.ActiveCfg = Release|Any CPU
		{05754BE5-8885-4B89-B09F-AB7D63F8A6C5}.Release|Any CPU.Build.0 = Release|Any CPU
		{CA217DEB-C32B-4857-9298-0743FA58895E}.Debug|Any CPU.ActiveCfg = Debug|Any CPU
		{CA217DEB-C32B-4857-9298-0743FA58895E}.Debug|Any CPU.Build.0 = Debug|Any CPU
		{CA217DEB-C32B-4857-9298-0743FA58895E}.Release|Any CPU.ActiveCfg = Release|Any CPU
		{CA217DEB-C32B-4857-9298-0743FA58895E}.Release|Any CPU.Build.0 = Release|Any CPU
	EndGlobalSection
	GlobalSection(SolutionProperties) = preSolution
		HideSolutionNode = FALSE
	EndGlobalSection
	GlobalSection(ExtensibilityGlobals) = postSolution
		SolutionGuid = {74474A18-4408-4FA6-993E-30CF47101FCE}
	EndGlobalSection
EndGlobal
