
Microsoft Visual Studio Solution File, Format Version 12.00
# Visual Studio Version 16
VisualStudioVersion = 16.0.30523.141
MinimumVisualStudioVersion = 10.0.40219.1
Project("{FAE04EC0-301F-11D3-BF4B-00C04F79EFBC}") = "UI-Customer", "UI-Customer.csproj", "{46F26142-4BFE-43CB-BA54-A752012903C1}"
EndProject
Global
	GlobalSection(SolutionConfigurationPlatforms) = preSolution
		Debug|Any CPU = Debug|Any CPU
		Debug|x64 = Debug|x64
		Release|Any CPU = Release|Any CPU
		Release|x64 = Release|x64
	EndGlobalSection
	GlobalSection(ProjectConfigurationPlatforms) = postSolution
		{46F26142-4BFE-43CB-BA54-A752012903C1}.Debug|Any CPU.ActiveCfg = Debug|Any CPU
		{46F26142-4BFE-43CB-BA54-A752012903C1}.Debug|Any CPU.Build.0 = Debug|Any CPU
		{46F26142-4BFE-43CB-BA54-A752012903C1}.Debug|x64.ActiveCfg = Debug|x64
		{46F26142-4BFE-43CB-BA54-A752012903C1}.Debug|x64.Build.0 = Debug|x64
		{46F26142-4BFE-43CB-BA54-A752012903C1}.Release|Any CPU.ActiveCfg = Release|Any CPU
		{46F26142-4BFE-43CB-BA54-A752012903C1}.Release|Any CPU.Build.0 = Release|Any CPU
		{46F26142-4BFE-43CB-BA54-A752012903C1}.Release|x64.ActiveCfg = Release|x64
		{46F26142-4BFE-43CB-BA54-A752012903C1}.Release|x64.Build.0 = Release|x64
	EndGlobalSection
	GlobalSection(SolutionProperties) = preSolution
		HideSolutionNode = FALSE
	EndGlobalSection
	GlobalSection(ExtensibilityGlobals) = postSolution
		SolutionGuid = {35BCAEE5-2FB9-4B2E-BEE3-E4F3532501C8}
	EndGlobalSection
EndGlobal
