
Microsoft Visual Studio Solution File, Format Version 12.00
# Visual Studio Version 16
VisualStudioVersion = 16.0.30523.141
MinimumVisualStudioVersion = 10.0.40219.1
Project("{FAE04EC0-301F-11D3-BF4B-00C04F79EFBC}") = "Backend", "Backend\Backend.csproj", "{C0EA64D4-AF82-4D90-9F15-D64825E19B32}"
EndProject
Project("{FAE04EC0-301F-11D3-BF4B-00C04F79EFBC}") = "DataModels", "DataModels\DataModels.csproj", "{D5C0306E-03A6-4217-BDF5-CB157309E94D}"
EndProject
Project("{FAE04EC0-301F-11D3-BF4B-00C04F79EFBC}") = "BackendTests", "BackendTests\BackendTests.csproj", "{8556D3B5-161B-439D-A8B6-37B719330F9C}"
EndProject
Global
	GlobalSection(SolutionConfigurationPlatforms) = preSolution
		Debug|Any CPU = Debug|Any CPU
		Release|Any CPU = Release|Any CPU
	EndGlobalSection
	GlobalSection(ProjectConfigurationPlatforms) = postSolution
		{C0EA64D4-AF82-4D90-9F15-D64825E19B32}.Debug|Any CPU.ActiveCfg = Debug|Any CPU
		{C0EA64D4-AF82-4D90-9F15-D64825E19B32}.Debug|Any CPU.Build.0 = Debug|Any CPU
		{C0EA64D4-AF82-4D90-9F15-D64825E19B32}.Release|Any CPU.ActiveCfg = Release|Any CPU
		{C0EA64D4-AF82-4D90-9F15-D64825E19B32}.Release|Any CPU.Build.0 = Release|Any CPU
		{D5C0306E-03A6-4217-BDF5-CB157309E94D}.Debug|Any CPU.ActiveCfg = Debug|Any CPU
		{D5C0306E-03A6-4217-BDF5-CB157309E94D}.Debug|Any CPU.Build.0 = Debug|Any CPU
		{D5C0306E-03A6-4217-BDF5-CB157309E94D}.Release|Any CPU.ActiveCfg = Release|Any CPU
		{D5C0306E-03A6-4217-BDF5-CB157309E94D}.Release|Any CPU.Build.0 = Release|Any CPU
		{8556D3B5-161B-439D-A8B6-37B719330F9C}.Debug|Any CPU.ActiveCfg = Debug|Any CPU
		{8556D3B5-161B-439D-A8B6-37B719330F9C}.Debug|Any CPU.Build.0 = Debug|Any CPU
		{8556D3B5-161B-439D-A8B6-37B719330F9C}.Release|Any CPU.ActiveCfg = Release|Any CPU
		{8556D3B5-161B-439D-A8B6-37B719330F9C}.Release|Any CPU.Build.0 = Release|Any CPU
	EndGlobalSection
	GlobalSection(SolutionProperties) = preSolution
		HideSolutionNode = FALSE
	EndGlobalSection
	GlobalSection(ExtensibilityGlobals) = postSolution
		SolutionGuid = {97532547-F0CD-44C2-B03B-1EDF7D63995C}
	EndGlobalSection
EndGlobal
