
Microsoft Visual Studio Solution File, Format Version 12.00
# Visual Studio Version 16
VisualStudioVersion = 16.0.30523.141
MinimumVisualStudioVersion = 10.0.40219.1
Project("{FAE04EC0-301F-11D3-BF4B-00C04F79EFBC}") = "Employee-App", "Employee-App\Employee-App.csproj", "{7CE89584-B5AA-41D5-984D-89671717A26B}"
EndProject
Global
	GlobalSection(SolutionConfigurationPlatforms) = preSolution
		Debug|Any CPU = Debug|Any CPU
		Release|Any CPU = Release|Any CPU
	EndGlobalSection
	GlobalSection(ProjectConfigurationPlatforms) = postSolution
		{7CE89584-B5AA-41D5-984D-89671717A26B}.Debug|Any CPU.ActiveCfg = Debug|Any CPU
		{7CE89584-B5AA-41D5-984D-89671717A26B}.Debug|Any CPU.Build.0 = Debug|Any CPU
		{7CE89584-B5AA-41D5-984D-89671717A26B}.Release|Any CPU.ActiveCfg = Release|Any CPU
		{7CE89584-B5AA-41D5-984D-89671717A26B}.Release|Any CPU.Build.0 = Release|Any CPU
	EndGlobalSection
	GlobalSection(SolutionProperties) = preSolution
		HideSolutionNode = FALSE
	EndGlobalSection
	GlobalSection(ExtensibilityGlobals) = postSolution
		SolutionGuid = {92BCD9AC-0F1F-4B1E-AB12-F4D8ABB3DDA9}
	EndGlobalSection
EndGlobal
